
Microsoft Visual Studio Solution File, Format Version 12.00
# Visual Studio Version 17
VisualStudioVersion = 17.7.34221.43
MinimumVisualStudioVersion = 10.0.40219.1
Project("{FAE04EC0-301F-11D3-BF4B-00C04F79EFBC}") = "AutoGeneratedSteps_AutoCAD", "AutoGeneratedSteps_AutoCAD.csproj", "{0F974B09-B48D-467E-A636-45C73CB4F7DA}"
EndProject
Global
	GlobalSection(SolutionConfigurationPlatforms) = preSolution
		Debug|Any CPU = Debug|Any CPU
		Release|Any CPU = Release|Any CPU
	EndGlobalSection
	GlobalSection(ProjectConfigurationPlatforms) = postSolution
		{0F974B09-B48D-467E-A636-45C73CB4F7DA}.Debug|Any CPU.ActiveCfg = Debug|Any CPU
		{0F974B09-B48D-467E-A636-45C73CB4F7DA}.Debug|Any CPU.Build.0 = Debug|Any CPU
		{0F974B09-B48D-467E-A636-45C73CB4F7DA}.Release|Any CPU.ActiveCfg = Release|Any CPU
		{0F974B09-B48D-467E-A636-45C73CB4F7DA}.Release|Any CPU.Build.0 = Release|Any CPU
	EndGlobalSection
	GlobalSection(SolutionProperties) = preSolution
		HideSolutionNode = FALSE
	EndGlobalSection
	GlobalSection(ExtensibilityGlobals) = postSolution
		SolutionGuid = {403AA4FA-28C3-481B-827A-57E7E2467F03}
	EndGlobalSection
EndGlobal
